// !$*UTF8*$!
{
	archiveVersion = 1;
	classes = {
	};
	objectVersion = 46;
	objects = {

/* Begin PBXBuildFile section */
		0F0415341FA8EF2300E3C926 /* WootricSDK.framework in Frameworks */ = {isa = PBXBuildFile; fileRef = B2DC6F241B81E8E700F599B3 /* WootricSDK.framework */; };
		0F0415361FA8EFAF00E3C926 /* WootricSDK.framework in Embed Frameworks */ = {isa = PBXBuildFile; fileRef = B2DC6F241B81E8E700F599B3 /* WootricSDK.framework */; settings = {ATTRIBUTES = (CodeSignOnCopy, RemoveHeadersOnCopy, ); }; };
		0F84DC0D1F5E602900D91DF1 /* Images.xcassets in Resources */ = {isa = PBXBuildFile; fileRef = B2DC6EDF1B81E5D800F599B3 /* Images.xcassets */; };
		B2DC6ED51B81E5D800F599B3 /* main.m in Sources */ = {isa = PBXBuildFile; fileRef = B2DC6ED41B81E5D800F599B3 /* main.m */; };
		B2DC6ED81B81E5D800F599B3 /* AppDelegate.m in Sources */ = {isa = PBXBuildFile; fileRef = B2DC6ED71B81E5D800F599B3 /* AppDelegate.m */; };
		B2DC6EDB1B81E5D800F599B3 /* ViewController.m in Sources */ = {isa = PBXBuildFile; fileRef = B2DC6EDA1B81E5D800F599B3 /* ViewController.m */; };
		B2DC6EDE1B81E5D800F599B3 /* Main.storyboard in Resources */ = {isa = PBXBuildFile; fileRef = B2DC6EDC1B81E5D800F599B3 /* Main.storyboard */; };
		B2DC6EE31B81E5D800F599B3 /* LaunchScreen.xib in Resources */ = {isa = PBXBuildFile; fileRef = B2DC6EE11B81E5D800F599B3 /* LaunchScreen.xib */; };
		B2DC6EEF1B81E5D800F599B3 /* WootricSDK_DemoTests.m in Sources */ = {isa = PBXBuildFile; fileRef = B2DC6EEE1B81E5D800F599B3 /* WootricSDK_DemoTests.m */; };
/* End PBXBuildFile section */

/* Begin PBXContainerItemProxy section */
		0F0415371FA8EFAF00E3C926 /* PBXContainerItemProxy */ = {
			isa = PBXContainerItemProxy;
			containerPortal = B2DC6F1E1B81E8E700F599B3 /* WootricSDK.xcodeproj */;
			proxyType = 1;
			remoteGlobalIDString = B2DC6F011B81E6F900F599B3;
			remoteInfo = WootricSDK;
		};
		B2DC6EE91B81E5D800F599B3 /* PBXContainerItemProxy */ = {
			isa = PBXContainerItemProxy;
			containerPortal = B2DC6EC71B81E5D800F599B3 /* Project object */;
			proxyType = 1;
			remoteGlobalIDString = B2DC6ECE1B81E5D800F599B3;
			remoteInfo = "WootricSDK-Demo";
		};
		B2DC6F231B81E8E700F599B3 /* PBXContainerItemProxy */ = {
			isa = PBXContainerItemProxy;
			containerPortal = B2DC6F1E1B81E8E700F599B3 /* WootricSDK.xcodeproj */;
			proxyType = 2;
			remoteGlobalIDString = B2DC6F021B81E6F900F599B3;
			remoteInfo = WootricSDK;
		};
		B2DC6F251B81E8E700F599B3 /* PBXContainerItemProxy */ = {
			isa = PBXContainerItemProxy;
			containerPortal = B2DC6F1E1B81E8E700F599B3 /* WootricSDK.xcodeproj */;
			proxyType = 2;
			remoteGlobalIDString = B2DC6F0D1B81E6F900F599B3;
			remoteInfo = WootricSDKTests;
		};
/* End PBXContainerItemProxy section */

/* Begin PBXCopyFilesBuildPhase section */
		0F0415391FA8EFAF00E3C926 /* Embed Frameworks */ = {
			isa = PBXCopyFilesBuildPhase;
			buildActionMask = 2147483647;
			dstPath = "";
			dstSubfolderSpec = 10;
			files = (
				0F0415361FA8EFAF00E3C926 /* WootricSDK.framework in Embed Frameworks */,
			);
			name = "Embed Frameworks";
			runOnlyForDeploymentPostprocessing = 0;
		};
/* End PBXCopyFilesBuildPhase section */

/* Begin PBXFileReference section */
		B2DC6ECF1B81E5D800F599B3 /* WootricSDK-Demo.app */ = {isa = PBXFileReference; explicitFileType = wrapper.application; includeInIndex = 0; path = "WootricSDK-Demo.app"; sourceTree = BUILT_PRODUCTS_DIR; };
		B2DC6ED31B81E5D800F599B3 /* Info.plist */ = {isa = PBXFileReference; lastKnownFileType = text.plist.xml; path = Info.plist; sourceTree = "<group>"; };
		B2DC6ED41B81E5D800F599B3 /* main.m */ = {isa = PBXFileReference; lastKnownFileType = sourcecode.c.objc; path = main.m; sourceTree = "<group>"; };
		B2DC6ED61B81E5D800F599B3 /* AppDelegate.h */ = {isa = PBXFileReference; lastKnownFileType = sourcecode.c.h; path = AppDelegate.h; sourceTree = "<group>"; };
		B2DC6ED71B81E5D800F599B3 /* AppDelegate.m */ = {isa = PBXFileReference; lastKnownFileType = sourcecode.c.objc; path = AppDelegate.m; sourceTree = "<group>"; };
		B2DC6ED91B81E5D800F599B3 /* ViewController.h */ = {isa = PBXFileReference; lastKnownFileType = sourcecode.c.h; path = ViewController.h; sourceTree = "<group>"; };
		B2DC6EDA1B81E5D800F599B3 /* ViewController.m */ = {isa = PBXFileReference; lastKnownFileType = sourcecode.c.objc; path = ViewController.m; sourceTree = "<group>"; };
		B2DC6EDD1B81E5D800F599B3 /* Base */ = {isa = PBXFileReference; lastKnownFileType = file.storyboard; name = Base; path = Base.lproj/Main.storyboard; sourceTree = "<group>"; };
		B2DC6EDF1B81E5D800F599B3 /* Images.xcassets */ = {isa = PBXFileReference; lastKnownFileType = folder.assetcatalog; path = Images.xcassets; sourceTree = "<group>"; };
		B2DC6EE21B81E5D800F599B3 /* Base */ = {isa = PBXFileReference; lastKnownFileType = file.xib; name = Base; path = Base.lproj/LaunchScreen.xib; sourceTree = "<group>"; };
		B2DC6EE81B81E5D800F599B3 /* WootricSDK-DemoTests.xctest */ = {isa = PBXFileReference; explicitFileType = wrapper.cfbundle; includeInIndex = 0; path = "WootricSDK-DemoTests.xctest"; sourceTree = BUILT_PRODUCTS_DIR; };
		B2DC6EED1B81E5D800F599B3 /* Info.plist */ = {isa = PBXFileReference; lastKnownFileType = text.plist.xml; path = Info.plist; sourceTree = "<group>"; };
		B2DC6EEE1B81E5D800F599B3 /* WootricSDK_DemoTests.m */ = {isa = PBXFileReference; lastKnownFileType = sourcecode.c.objc; path = WootricSDK_DemoTests.m; sourceTree = "<group>"; };
		B2DC6F1E1B81E8E700F599B3 /* WootricSDK.xcodeproj */ = {isa = PBXFileReference; lastKnownFileType = "wrapper.pb-project"; name = WootricSDK.xcodeproj; path = ../WootricSDK/WootricSDK.xcodeproj; sourceTree = "<group>"; };
/* End PBXFileReference section */

/* Begin PBXFrameworksBuildPhase section */
		B2DC6ECC1B81E5D800F599B3 /* Frameworks */ = {
			isa = PBXFrameworksBuildPhase;
			buildActionMask = 2147483647;
			files = (
				0F0415341FA8EF2300E3C926 /* WootricSDK.framework in Frameworks */,
			);
			runOnlyForDeploymentPostprocessing = 0;
		};
		B2DC6EE51B81E5D800F599B3 /* Frameworks */ = {
			isa = PBXFrameworksBuildPhase;
			buildActionMask = 2147483647;
			files = (
			);
			runOnlyForDeploymentPostprocessing = 0;
		};
/* End PBXFrameworksBuildPhase section */

/* Begin PBXGroup section */
		0F0415331FA8EF2300E3C926 /* Frameworks */ = {
			isa = PBXGroup;
			children = (
			);
			name = Frameworks;
			sourceTree = "<group>";
		};
		B2DC6EC61B81E5D800F599B3 = {
			isa = PBXGroup;
			children = (
				B2DC6F1E1B81E8E700F599B3 /* WootricSDK.xcodeproj */,
				B2DC6ED11B81E5D800F599B3 /* WootricSDK-Demo */,
				B2DC6EEB1B81E5D800F599B3 /* WootricSDK-DemoTests */,
				B2DC6ED01B81E5D800F599B3 /* Products */,
				0F0415331FA8EF2300E3C926 /* Frameworks */,
			);
			sourceTree = "<group>";
		};
		B2DC6ED01B81E5D800F599B3 /* Products */ = {
			isa = PBXGroup;
			children = (
				B2DC6ECF1B81E5D800F599B3 /* WootricSDK-Demo.app */,
				B2DC6EE81B81E5D800F599B3 /* WootricSDK-DemoTests.xctest */,
			);
			name = Products;
			sourceTree = "<group>";
		};
		B2DC6ED11B81E5D800F599B3 /* WootricSDK-Demo */ = {
			isa = PBXGroup;
			children = (
				B2DC6ED61B81E5D800F599B3 /* AppDelegate.h */,
				B2DC6ED71B81E5D800F599B3 /* AppDelegate.m */,
				B2DC6ED91B81E5D800F599B3 /* ViewController.h */,
				B2DC6EDA1B81E5D800F599B3 /* ViewController.m */,
				B2DC6EDC1B81E5D800F599B3 /* Main.storyboard */,
				B2DC6EDF1B81E5D800F599B3 /* Images.xcassets */,
				B2DC6EE11B81E5D800F599B3 /* LaunchScreen.xib */,
				B2DC6ED21B81E5D800F599B3 /* Supporting Files */,
			);
			path = "WootricSDK-Demo";
			sourceTree = "<group>";
		};
		B2DC6ED21B81E5D800F599B3 /* Supporting Files */ = {
			isa = PBXGroup;
			children = (
				B2DC6ED31B81E5D800F599B3 /* Info.plist */,
				B2DC6ED41B81E5D800F599B3 /* main.m */,
			);
			name = "Supporting Files";
			sourceTree = "<group>";
		};
		B2DC6EEB1B81E5D800F599B3 /* WootricSDK-DemoTests */ = {
			isa = PBXGroup;
			children = (
				B2DC6EEE1B81E5D800F599B3 /* WootricSDK_DemoTests.m */,
				B2DC6EEC1B81E5D800F599B3 /* Supporting Files */,
			);
			path = "WootricSDK-DemoTests";
			sourceTree = "<group>";
		};
		B2DC6EEC1B81E5D800F599B3 /* Supporting Files */ = {
			isa = PBXGroup;
			children = (
				B2DC6EED1B81E5D800F599B3 /* Info.plist */,
			);
			name = "Supporting Files";
			sourceTree = "<group>";
		};
		B2DC6F1F1B81E8E700F599B3 /* Products */ = {
			isa = PBXGroup;
			children = (
				B2DC6F241B81E8E700F599B3 /* WootricSDK.framework */,
				B2DC6F261B81E8E700F599B3 /* WootricSDKTests.xctest */,
			);
			name = Products;
			sourceTree = "<group>";
		};
/* End PBXGroup section */

/* Begin PBXNativeTarget section */
		B2DC6ECE1B81E5D800F599B3 /* WootricSDK-Demo */ = {
			isa = PBXNativeTarget;
			buildConfigurationList = B2DC6EF21B81E5D800F599B3 /* Build configuration list for PBXNativeTarget "WootricSDK-Demo" */;
			buildPhases = (
				B2DC6ECB1B81E5D800F599B3 /* Sources */,
				B2DC6ECC1B81E5D800F599B3 /* Frameworks */,
				B2DC6ECD1B81E5D800F599B3 /* Resources */,
				0F0415391FA8EFAF00E3C926 /* Embed Frameworks */,
			);
			buildRules = (
			);
			dependencies = (
				0F0415381FA8EFAF00E3C926 /* PBXTargetDependency */,
			);
			name = "WootricSDK-Demo";
			productName = "WootricSDK-Demo";
			productReference = B2DC6ECF1B81E5D800F599B3 /* WootricSDK-Demo.app */;
			productType = "com.apple.product-type.application";
		};
		B2DC6EE71B81E5D800F599B3 /* WootricSDK-DemoTests */ = {
			isa = PBXNativeTarget;
			buildConfigurationList = B2DC6EF51B81E5D800F599B3 /* Build configuration list for PBXNativeTarget "WootricSDK-DemoTests" */;
			buildPhases = (
				B2DC6EE41B81E5D800F599B3 /* Sources */,
				B2DC6EE51B81E5D800F599B3 /* Frameworks */,
				B2DC6EE61B81E5D800F599B3 /* Resources */,
			);
			buildRules = (
			);
			dependencies = (
				B2DC6EEA1B81E5D800F599B3 /* PBXTargetDependency */,
			);
			name = "WootricSDK-DemoTests";
			productName = "WootricSDK-DemoTests";
			productReference = B2DC6EE81B81E5D800F599B3 /* WootricSDK-DemoTests.xctest */;
			productType = "com.apple.product-type.bundle.unit-test";
		};
/* End PBXNativeTarget section */

/* Begin PBXProject section */
		B2DC6EC71B81E5D800F599B3 /* Project object */ = {
			isa = PBXProject;
			attributes = {
				LastUpgradeCheck = 1240;
				ORGANIZATIONNAME = Wootric;
				TargetAttributes = {
					B2DC6ECE1B81E5D800F599B3 = {
						CreatedOnToolsVersion = 6.3.2;
					};
					B2DC6EE71B81E5D800F599B3 = {
						CreatedOnToolsVersion = 6.3.2;
						TestTargetID = B2DC6ECE1B81E5D800F599B3;
					};
				};
			};
			buildConfigurationList = B2DC6ECA1B81E5D800F599B3 /* Build configuration list for PBXProject "WootricSDK-Demo" */;
			compatibilityVersion = "Xcode 3.2";
			developmentRegion = en;
			hasScannedForEncodings = 0;
			knownRegions = (
				en,
				Base,
			);
			mainGroup = B2DC6EC61B81E5D800F599B3;
			productRefGroup = B2DC6ED01B81E5D800F599B3 /* Products */;
			projectDirPath = "";
			projectReferences = (
				{
					ProductGroup = B2DC6F1F1B81E8E700F599B3 /* Products */;
					ProjectRef = B2DC6F1E1B81E8E700F599B3 /* WootricSDK.xcodeproj */;
				},
			);
			projectRoot = "";
			targets = (
				B2DC6ECE1B81E5D800F599B3 /* WootricSDK-Demo */,
				B2DC6EE71B81E5D800F599B3 /* WootricSDK-DemoTests */,
			);
		};
/* End PBXProject section */

/* Begin PBXReferenceProxy section */
		B2DC6F241B81E8E700F599B3 /* WootricSDK.framework */ = {
			isa = PBXReferenceProxy;
			fileType = wrapper.framework;
			path = WootricSDK.framework;
			remoteRef = B2DC6F231B81E8E700F599B3 /* PBXContainerItemProxy */;
			sourceTree = BUILT_PRODUCTS_DIR;
		};
		B2DC6F261B81E8E700F599B3 /* WootricSDKTests.xctest */ = {
			isa = PBXReferenceProxy;
			fileType = wrapper.cfbundle;
			path = WootricSDKTests.xctest;
			remoteRef = B2DC6F251B81E8E700F599B3 /* PBXContainerItemProxy */;
			sourceTree = BUILT_PRODUCTS_DIR;
		};
/* End PBXReferenceProxy section */

/* Begin PBXResourcesBuildPhase section */
		B2DC6ECD1B81E5D800F599B3 /* Resources */ = {
			isa = PBXResourcesBuildPhase;
			buildActionMask = 2147483647;
			files = (
				B2DC6EDE1B81E5D800F599B3 /* Main.storyboard in Resources */,
				B2DC6EE31B81E5D800F599B3 /* LaunchScreen.xib in Resources */,
				0F84DC0D1F5E602900D91DF1 /* Images.xcassets in Resources */,
			);
			runOnlyForDeploymentPostprocessing = 0;
		};
		B2DC6EE61B81E5D800F599B3 /* Resources */ = {
			isa = PBXResourcesBuildPhase;
			buildActionMask = 2147483647;
			files = (
			);
			runOnlyForDeploymentPostprocessing = 0;
		};
/* End PBXResourcesBuildPhase section */

/* Begin PBXSourcesBuildPhase section */
		B2DC6ECB1B81E5D800F599B3 /* Sources */ = {
			isa = PBXSourcesBuildPhase;
			buildActionMask = 2147483647;
			files = (
				B2DC6EDB1B81E5D800F599B3 /* ViewController.m in Sources */,
				B2DC6ED81B81E5D800F599B3 /* AppDelegate.m in Sources */,
				B2DC6ED51B81E5D800F599B3 /* main.m in Sources */,
			);
			runOnlyForDeploymentPostprocessing = 0;
		};
		B2DC6EE41B81E5D800F599B3 /* Sources */ = {
			isa = PBXSourcesBuildPhase;
			buildActionMask = 2147483647;
			files = (
				B2DC6EEF1B81E5D800F599B3 /* WootricSDK_DemoTests.m in Sources */,
			);
			runOnlyForDeploymentPostprocessing = 0;
		};
/* End PBXSourcesBuildPhase section */

/* Begin PBXTargetDependency section */
		0F0415381FA8EFAF00E3C926 /* PBXTargetDependency */ = {
			isa = PBXTargetDependency;
			name = WootricSDK;
			targetProxy = 0F0415371FA8EFAF00E3C926 /* PBXContainerItemProxy */;
		};
		B2DC6EEA1B81E5D800F599B3 /* PBXTargetDependency */ = {
			isa = PBXTargetDependency;
			target = B2DC6ECE1B81E5D800F599B3 /* WootricSDK-Demo */;
			targetProxy = B2DC6EE91B81E5D800F599B3 /* PBXContainerItemProxy */;
		};
/* End PBXTargetDependency section */

/* Begin PBXVariantGroup section */
		B2DC6EDC1B81E5D800F599B3 /* Main.storyboard */ = {
			isa = PBXVariantGroup;
			children = (
				B2DC6EDD1B81E5D800F599B3 /* Base */,
			);
			name = Main.storyboard;
			sourceTree = "<group>";
		};
		B2DC6EE11B81E5D800F599B3 /* LaunchScreen.xib */ = {
			isa = PBXVariantGroup;
			children = (
				B2DC6EE21B81E5D800F599B3 /* Base */,
			);
			name = LaunchScreen.xib;
			sourceTree = "<group>";
		};
/* End PBXVariantGroup section */

/* Begin XCBuildConfiguration section */
		B2DC6EF01B81E5D800F599B3 /* Debug */ = {
			isa = XCBuildConfiguration;
			buildSettings = {
				ALWAYS_SEARCH_USER_PATHS = NO;
				CLANG_ANALYZER_LOCALIZABILITY_NONLOCALIZED = YES;
				CLANG_CXX_LANGUAGE_STANDARD = "gnu++0x";
				CLANG_CXX_LIBRARY = "libc++";
				CLANG_ENABLE_MODULES = YES;
				CLANG_ENABLE_OBJC_ARC = YES;
				CLANG_WARN_BLOCK_CAPTURE_AUTORELEASING = YES;
				CLANG_WARN_BOOL_CONVERSION = YES;
				CLANG_WARN_COMMA = YES;
				CLANG_WARN_CONSTANT_CONVERSION = YES;
				CLANG_WARN_DEPRECATED_OBJC_IMPLEMENTATIONS = YES;
				CLANG_WARN_DIRECT_OBJC_ISA_USAGE = YES_ERROR;
				CLANG_WARN_EMPTY_BODY = YES;
				CLANG_WARN_ENUM_CONVERSION = YES;
				CLANG_WARN_INFINITE_RECURSION = YES;
				CLANG_WARN_INT_CONVERSION = YES;
				CLANG_WARN_NON_LITERAL_NULL_CONVERSION = YES;
				CLANG_WARN_OBJC_IMPLICIT_RETAIN_SELF = YES;
				CLANG_WARN_OBJC_LITERAL_CONVERSION = YES;
				CLANG_WARN_OBJC_ROOT_CLASS = YES_ERROR;
				CLANG_WARN_QUOTED_INCLUDE_IN_FRAMEWORK_HEADER = YES;
				CLANG_WARN_RANGE_LOOP_ANALYSIS = YES;
				CLANG_WARN_STRICT_PROTOTYPES = YES;
				CLANG_WARN_SUSPICIOUS_MOVE = YES;
				CLANG_WARN_UNREACHABLE_CODE = YES;
				CLANG_WARN__DUPLICATE_METHOD_MATCH = YES;
				"CODE_SIGN_IDENTITY[sdk=iphoneos*]" = "iPhone Developer";
				COPY_PHASE_STRIP = NO;
				DEBUG_INFORMATION_FORMAT = "dwarf-with-dsym";
				ENABLE_STRICT_OBJC_MSGSEND = YES;
				ENABLE_TESTABILITY = YES;
				GCC_C_LANGUAGE_STANDARD = gnu99;
				GCC_DYNAMIC_NO_PIC = NO;
				GCC_NO_COMMON_BLOCKS = YES;
				GCC_OPTIMIZATION_LEVEL = 0;
				GCC_PREPROCESSOR_DEFINITIONS = (
					"DEBUG=1",
					"$(inherited)",
				);
				GCC_SYMBOLS_PRIVATE_EXTERN = NO;
				GCC_WARN_64_TO_32_BIT_CONVERSION = YES;
				GCC_WARN_ABOUT_RETURN_TYPE = YES_ERROR;
				GCC_WARN_UNDECLARED_SELECTOR = YES;
				GCC_WARN_UNINITIALIZED_AUTOS = YES_AGGRESSIVE;
				GCC_WARN_UNUSED_FUNCTION = YES;
				GCC_WARN_UNUSED_VARIABLE = YES;
				IPHONEOS_DEPLOYMENT_TARGET = 14.4;
				MTL_ENABLE_DEBUG_INFO = YES;
				ONLY_ACTIVE_ARCH = YES;
				SDKROOT = iphoneos;
				TARGETED_DEVICE_FAMILY = "1,2";
			};
			name = Debug;
		};
		B2DC6EF11B81E5D800F599B3 /* Release */ = {
			isa = XCBuildConfiguration;
			buildSettings = {
				ALWAYS_SEARCH_USER_PATHS = NO;
				CLANG_ANALYZER_LOCALIZABILITY_NONLOCALIZED = YES;
				CLANG_CXX_LANGUAGE_STANDARD = "gnu++0x";
				CLANG_CXX_LIBRARY = "libc++";
				CLANG_ENABLE_MODULES = YES;
				CLANG_ENABLE_OBJC_ARC = YES;
				CLANG_WARN_BLOCK_CAPTURE_AUTORELEASING = YES;
				CLANG_WARN_BOOL_CONVERSION = YES;
				CLANG_WARN_COMMA = YES;
				CLANG_WARN_CONSTANT_CONVERSION = YES;
				CLANG_WARN_DEPRECATED_OBJC_IMPLEMENTATIONS = YES;
				CLANG_WARN_DIRECT_OBJC_ISA_USAGE = YES_ERROR;
				CLANG_WARN_EMPTY_BODY = YES;
				CLANG_WARN_ENUM_CONVERSION = YES;
				CLANG_WARN_INFINITE_RECURSION = YES;
				CLANG_WARN_INT_CONVERSION = YES;
				CLANG_WARN_NON_LITERAL_NULL_CONVERSION = YES;
				CLANG_WARN_OBJC_IMPLICIT_RETAIN_SELF = YES;
				CLANG_WARN_OBJC_LITERAL_CONVERSION = YES;
				CLANG_WARN_OBJC_ROOT_CLASS = YES_ERROR;
				CLANG_WARN_QUOTED_INCLUDE_IN_FRAMEWORK_HEADER = YES;
				CLANG_WARN_RANGE_LOOP_ANALYSIS = YES;
				CLANG_WARN_STRICT_PROTOTYPES = YES;
				CLANG_WARN_SUSPICIOUS_MOVE = YES;
				CLANG_WARN_UNREACHABLE_CODE = YES;
				CLANG_WARN__DUPLICATE_METHOD_MATCH = YES;
				"CODE_SIGN_IDENTITY[sdk=iphoneos*]" = "iPhone Developer";
				COPY_PHASE_STRIP = NO;
				DEBUG_INFORMATION_FORMAT = "dwarf-with-dsym";
				ENABLE_NS_ASSERTIONS = NO;
				ENABLE_STRICT_OBJC_MSGSEND = YES;
				GCC_C_LANGUAGE_STANDARD = gnu99;
				GCC_NO_COMMON_BLOCKS = YES;
				GCC_WARN_64_TO_32_BIT_CONVERSION = YES;
				GCC_WARN_ABOUT_RETURN_TYPE = YES_ERROR;
				GCC_WARN_UNDECLARED_SELECTOR = YES;
				GCC_WARN_UNINITIALIZED_AUTOS = YES_AGGRESSIVE;
				GCC_WARN_UNUSED_FUNCTION = YES;
				GCC_WARN_UNUSED_VARIABLE = YES;
				IPHONEOS_DEPLOYMENT_TARGET = 14.4;
				MTL_ENABLE_DEBUG_INFO = NO;
				SDKROOT = iphoneos;
				TARGETED_DEVICE_FAMILY = "1,2";
				VALIDATE_PRODUCT = YES;
			};
			name = Release;
		};
		B2DC6EF31B81E5D800F599B3 /* Debug */ = {
			isa = XCBuildConfiguration;
			buildSettings = {
				ASSETCATALOG_COMPILER_APPICON_NAME = AppIcon;
				CLANG_ANALYZER_NONNULL = YES;
				CLANG_ANALYZER_NUMBER_OBJECT_CONVERSION = YES_AGGRESSIVE;
				CLANG_WARN_UNGUARDED_AVAILABILITY = YES_AGGRESSIVE;
				CODE_SIGN_IDENTITY = "iPhone Developer";
				"CODE_SIGN_IDENTITY[sdk=iphoneos*]" = "iPhone Developer";
				DEVELOPMENT_TEAM = "";
				INFOPLIST_FILE = "WootricSDK-Demo/Info.plist";
				IPHONEOS_DEPLOYMENT_TARGET = 9.0;
				LD_RUNPATH_SEARCH_PATHS = "$(inherited) @executable_path/Frameworks";
				PRODUCT_BUNDLE_IDENTIFIER = "com.wootric.$(PRODUCT_NAME:rfc1034identifier)";
				PRODUCT_NAME = "$(TARGET_NAME)";
				PROVISIONING_PROFILE = "";
			};
			name = Debug;
		};
		B2DC6EF41B81E5D800F599B3 /* Release */ = {
			isa = XCBuildConfiguration;
			buildSettings = {
				ASSETCATALOG_COMPILER_APPICON_NAME = AppIcon;
				CLANG_ANALYZER_NONNULL = YES;
				CLANG_ANALYZER_NUMBER_OBJECT_CONVERSION = YES_AGGRESSIVE;
				CLANG_WARN_UNGUARDED_AVAILABILITY = YES_AGGRESSIVE;
				CODE_SIGN_IDENTITY = "iPhone Developer";
				"CODE_SIGN_IDENTITY[sdk=iphoneos*]" = "iPhone Developer";
				DEVELOPMENT_TEAM = "";
				INFOPLIST_FILE = "WootricSDK-Demo/Info.plist";
				IPHONEOS_DEPLOYMENT_TARGET = 9.0;
				LD_RUNPATH_SEARCH_PATHS = "$(inherited) @executable_path/Frameworks";
				PRODUCT_BUNDLE_IDENTIFIER = "com.wootric.$(PRODUCT_NAME:rfc1034identifier)";
				PRODUCT_NAME = "$(TARGET_NAME)";
				PROVISIONING_PROFILE = "";
			};
			name = Release;
		};
		B2DC6EF61B81E5D800F599B3 /* Debug */ = {
			isa = XCBuildConfiguration;
			buildSettings = {
				BUNDLE_LOADER = "$(TEST_HOST)";
				DEVELOPMENT_TEAM = "";
				FRAMEWORK_SEARCH_PATHS = (
					"$(SDKROOT)/Developer/Library/Frameworks",
					"$(inherited)",
				);
				GCC_PREPROCESSOR_DEFINITIONS = (
					"DEBUG=1",
					"$(inherited)",
				);
				INFOPLIST_FILE = "WootricSDK-DemoTests/Info.plist";
				LD_RUNPATH_SEARCH_PATHS = "$(inherited) @executable_path/Frameworks @loader_path/Frameworks";
				PRODUCT_BUNDLE_IDENTIFIER = "com.wootric.$(PRODUCT_NAME:rfc1034identifier)";
				PRODUCT_NAME = "$(TARGET_NAME)";
				TEST_HOST = "$(BUILT_PRODUCTS_DIR)/WootricSDK-Demo.app/WootricSDK-Demo";
			};
			name = Debug;
		};
		B2DC6EF71B81E5D800F599B3 /* Release */ = {
			isa = XCBuildConfiguration;
			buildSettings = {
				BUNDLE_LOADER = "$(TEST_HOST)";
				DEVELOPMENT_TEAM = "";
				FRAMEWORK_SEARCH_PATHS = (
					"$(SDKROOT)/Developer/Library/Frameworks",
					"$(inherited)",
				);
				INFOPLIST_FILE = "WootricSDK-DemoTests/Info.plist";
				LD_RUNPATH_SEARCH_PATHS = "$(inherited) @executable_path/Frameworks @loader_path/Frameworks";
				PRODUCT_BUNDLE_IDENTIFIER = "com.wootric.$(PRODUCT_NAME:rfc1034identifier)";
				PRODUCT_NAME = "$(TARGET_NAME)";
				TEST_HOST = "$(BUILT_PRODUCTS_DIR)/WootricSDK-Demo.app/WootricSDK-Demo";
			};
			name = Release;
		};
/* End XCBuildConfiguration section */

/* Begin XCConfigurationList section */
		B2DC6ECA1B81E5D800F599B3 /* Build configuration list for PBXProject "WootricSDK-Demo" */ = {
			isa = XCConfigurationList;
			buildConfigurations = (
				B2DC6EF01B81E5D800F599B3 /* Debug */,
				B2DC6EF11B81E5D800F599B3 /* Release */,
			);
			defaultConfigurationIsVisible = 0;
			defaultConfigurationName = Release;
		};
		B2DC6EF21B81E5D800F599B3 /* Build configuration list for PBXNativeTarget "WootricSDK-Demo" */ = {
			isa = XCConfigurationList;
			buildConfigurations = (
				B2DC6EF31B81E5D800F599B3 /* Debug */,
				B2DC6EF41B81E5D800F599B3 /* Release */,
			);
			defaultConfigurationIsVisible = 0;
			defaultConfigurationName = Release;
		};
		B2DC6EF51B81E5D800F599B3 /* Build configuration list for PBXNativeTarget "WootricSDK-DemoTests" */ = {
			isa = XCConfigurationList;
			buildConfigurations = (
				B2DC6EF61B81E5D800F599B3 /* Debug */,
				B2DC6EF71B81E5D800F599B3 /* Release */,
			);
			defaultConfigurationIsVisible = 0;
			defaultConfigurationName = Release;
		};
/* End XCConfigurationList section */
	};
	rootObject = B2DC6EC71B81E5D800F599B3 /* Project object */;
}
