// !$*UTF8*$!
{
	archiveVersion = 1;
	classes = {
	};
	objectVersion = 46;
	objects = {

/* Begin PBXBuildFile section */
		B2131F461AC01BDA005A2390 /* SurveyViewController+Constraints.h in Headers */ = {isa = PBXBuildFile; fileRef = B2131F441AC01BDA005A2390 /* SurveyViewController+Constraints.h */; };
		B2131F471AC01BDA005A2390 /* SurveyViewController+Constraints.m in Sources */ = {isa = PBXBuildFile; fileRef = B2131F451AC01BDA005A2390 /* SurveyViewController+Constraints.m */; };
		B2131F4A1AC0226F005A2390 /* SurveyViewController+Views.h in Headers */ = {isa = PBXBuildFile; fileRef = B2131F481AC0226F005A2390 /* SurveyViewController+Views.h */; };
		B2131F4B1AC0226F005A2390 /* SurveyViewController+Views.m in Sources */ = {isa = PBXBuildFile; fileRef = B2131F491AC0226F005A2390 /* SurveyViewController+Views.m */; };
		B263E0D21AE68347008F7F0D /* SurveyViewController+Utils.h in Headers */ = {isa = PBXBuildFile; fileRef = B263E0D01AE68347008F7F0D /* SurveyViewController+Utils.h */; };
		B263E0D31AE68347008F7F0D /* SurveyViewController+Utils.m in Sources */ = {isa = PBXBuildFile; fileRef = B263E0D11AE68347008F7F0D /* SurveyViewController+Utils.m */; };
		B2643E0B1AAF38210023C0C5 /* UIImage+ImageEffects.h in Headers */ = {isa = PBXBuildFile; fileRef = B2643E091AAF38210023C0C5 /* UIImage+ImageEffects.h */; };
		B2643E0C1AAF38210023C0C5 /* UIImage+ImageEffects.m in Sources */ = {isa = PBXBuildFile; fileRef = B2643E0A1AAF38210023C0C5 /* UIImage+ImageEffects.m */; };
		B2643E0E1AAF47650023C0C5 /* Images.xcassets in Resources */ = {isa = PBXBuildFile; fileRef = B2643E0D1AAF47650023C0C5 /* Images.xcassets */; };
		B2748B721AE697E400303B6A /* WootricLocalizable.strings in Resources */ = {isa = PBXBuildFile; fileRef = B2748B741AE697E400303B6A /* WootricLocalizable.strings */; };
		B27628B91AA85E04000402B5 /* APIWootric.h in Headers */ = {isa = PBXBuildFile; fileRef = B27628B71AA85E04000402B5 /* APIWootric.h */; };
		B27628BA1AA85E04000402B5 /* APIWootric.m in Sources */ = {isa = PBXBuildFile; fileRef = B27628B81AA85E04000402B5 /* APIWootric.m */; };
		B2A43C4A1ADC0F5900C48EF9 /* APIWootricTests.m in Sources */ = {isa = PBXBuildFile; fileRef = B2A43C491ADC0F5900C48EF9 /* APIWootricTests.m */; };
		B2A43C4C1ADD449F00C48EF9 /* SurveyViewControllerTests.m in Sources */ = {isa = PBXBuildFile; fileRef = B2A43C4B1ADD449F00C48EF9 /* SurveyViewControllerTests.m */; };
		B2E9F2D31AF76A62006B7D1D /* WTSettings.h in Headers */ = {isa = PBXBuildFile; fileRef = B2E9F2D11AF76A62006B7D1D /* WTSettings.h */; };
		B2E9F2D41AF76A62006B7D1D /* WTSettings.m in Sources */ = {isa = PBXBuildFile; fileRef = B2E9F2D21AF76A62006B7D1D /* WTSettings.m */; };
		B2F4DAC41AA77667007FA43E /* WootricSDKObjC.h in Headers */ = {isa = PBXBuildFile; fileRef = B2F4DAC31AA77667007FA43E /* WootricSDKObjC.h */; settings = {ATTRIBUTES = (Public, ); }; };
		B2F4DACA1AA77667007FA43E /* WootricSDK.framework in Frameworks */ = {isa = PBXBuildFile; fileRef = B2F4DABE1AA77667007FA43E /* WootricSDK.framework */; };
		B2F4DAD11AA77667007FA43E /* WootricSDKTests.m in Sources */ = {isa = PBXBuildFile; fileRef = B2F4DAD01AA77667007FA43E /* WootricSDKTests.m */; };
		B2F4DADC1AA77684007FA43E /* WootricSDK.h in Headers */ = {isa = PBXBuildFile; fileRef = B2F4DADA1AA77684007FA43E /* WootricSDK.h */; settings = {ATTRIBUTES = (Public, ); }; };
		B2F4DADD1AA77684007FA43E /* WootricSDK.m in Sources */ = {isa = PBXBuildFile; fileRef = B2F4DADB1AA77684007FA43E /* WootricSDK.m */; };
		B2F4DAE01AA776A3007FA43E /* SurveyViewController.h in Headers */ = {isa = PBXBuildFile; fileRef = B2F4DADE1AA776A3007FA43E /* SurveyViewController.h */; };
		B2F4DAE11AA776A3007FA43E /* SurveyViewController.m in Sources */ = {isa = PBXBuildFile; fileRef = B2F4DADF1AA776A3007FA43E /* SurveyViewController.m */; };
/* End PBXBuildFile section */

/* Begin PBXContainerItemProxy section */
		B2F4DACB1AA77667007FA43E /* PBXContainerItemProxy */ = {
			isa = PBXContainerItemProxy;
			containerPortal = B2F4DAB51AA77667007FA43E /* Project object */;
			proxyType = 1;
			remoteGlobalIDString = B2F4DABD1AA77667007FA43E;
			remoteInfo = WootricSDKObjC;
		};
/* End PBXContainerItemProxy section */

/* Begin PBXCopyFilesBuildPhase section */
		B2F4DB2B1AA77BD8007FA43E /* Copy Frameworks */ = {
			isa = PBXCopyFilesBuildPhase;
			buildActionMask = 2147483647;
			dstPath = "";
			dstSubfolderSpec = 7;
			files = (
			);
			name = "Copy Frameworks";
			runOnlyForDeploymentPostprocessing = 0;
		};
/* End PBXCopyFilesBuildPhase section */

/* Begin PBXFileReference section */
		B2131F441AC01BDA005A2390 /* SurveyViewController+Constraints.h */ = {isa = PBXFileReference; fileEncoding = 4; lastKnownFileType = sourcecode.c.h; path = "SurveyViewController+Constraints.h"; sourceTree = "<group>"; };
		B2131F451AC01BDA005A2390 /* SurveyViewController+Constraints.m */ = {isa = PBXFileReference; fileEncoding = 4; lastKnownFileType = sourcecode.c.objc; path = "SurveyViewController+Constraints.m"; sourceTree = "<group>"; };
		B2131F481AC0226F005A2390 /* SurveyViewController+Views.h */ = {isa = PBXFileReference; fileEncoding = 4; lastKnownFileType = sourcecode.c.h; path = "SurveyViewController+Views.h"; sourceTree = "<group>"; };
		B2131F491AC0226F005A2390 /* SurveyViewController+Views.m */ = {isa = PBXFileReference; fileEncoding = 4; lastKnownFileType = sourcecode.c.objc; path = "SurveyViewController+Views.m"; sourceTree = "<group>"; };
		B25C9EC31AE6A187008939A2 /* es */ = {isa = PBXFileReference; lastKnownFileType = text.plist.strings; name = es; path = es.lproj/WootricLocalizable.strings; sourceTree = "<group>"; };
		B263E0D01AE68347008F7F0D /* SurveyViewController+Utils.h */ = {isa = PBXFileReference; fileEncoding = 4; lastKnownFileType = sourcecode.c.h; path = "SurveyViewController+Utils.h"; sourceTree = "<group>"; };
		B263E0D11AE68347008F7F0D /* SurveyViewController+Utils.m */ = {isa = PBXFileReference; fileEncoding = 4; lastKnownFileType = sourcecode.c.objc; path = "SurveyViewController+Utils.m"; sourceTree = "<group>"; };
		B2643E091AAF38210023C0C5 /* UIImage+ImageEffects.h */ = {isa = PBXFileReference; fileEncoding = 4; lastKnownFileType = sourcecode.c.h; path = "UIImage+ImageEffects.h"; sourceTree = "<group>"; };
		B2643E0A1AAF38210023C0C5 /* UIImage+ImageEffects.m */ = {isa = PBXFileReference; fileEncoding = 4; lastKnownFileType = sourcecode.c.objc; path = "UIImage+ImageEffects.m"; sourceTree = "<group>"; };
		B2643E0D1AAF47650023C0C5 /* Images.xcassets */ = {isa = PBXFileReference; lastKnownFileType = folder.assetcatalog; path = Images.xcassets; sourceTree = "<group>"; };
		B2748B731AE697E400303B6A /* en */ = {isa = PBXFileReference; lastKnownFileType = text.plist.strings; name = en; path = en.lproj/WootricLocalizable.strings; sourceTree = "<group>"; };
		B2748B751AE697E700303B6A /* pl */ = {isa = PBXFileReference; lastKnownFileType = text.plist.strings; name = pl; path = pl.lproj/WootricLocalizable.strings; sourceTree = "<group>"; };
		B2748B761AE697E800303B6A /* fr */ = {isa = PBXFileReference; lastKnownFileType = text.plist.strings; name = fr; path = fr.lproj/WootricLocalizable.strings; sourceTree = "<group>"; };
		B27628B71AA85E04000402B5 /* APIWootric.h */ = {isa = PBXFileReference; fileEncoding = 4; lastKnownFileType = sourcecode.c.h; path = APIWootric.h; sourceTree = "<group>"; };
		B27628B81AA85E04000402B5 /* APIWootric.m */ = {isa = PBXFileReference; fileEncoding = 4; lastKnownFileType = sourcecode.c.objc; path = APIWootric.m; sourceTree = "<group>"; };
		B2A43C491ADC0F5900C48EF9 /* APIWootricTests.m */ = {isa = PBXFileReference; fileEncoding = 4; lastKnownFileType = sourcecode.c.objc; path = APIWootricTests.m; sourceTree = "<group>"; };
		B2A43C4B1ADD449F00C48EF9 /* SurveyViewControllerTests.m */ = {isa = PBXFileReference; fileEncoding = 4; lastKnownFileType = sourcecode.c.objc; path = SurveyViewControllerTests.m; sourceTree = "<group>"; };
		B2E9F2D11AF76A62006B7D1D /* WTSettings.h */ = {isa = PBXFileReference; fileEncoding = 4; lastKnownFileType = sourcecode.c.h; path = WTSettings.h; sourceTree = "<group>"; };
		B2E9F2D21AF76A62006B7D1D /* WTSettings.m */ = {isa = PBXFileReference; fileEncoding = 4; lastKnownFileType = sourcecode.c.objc; path = WTSettings.m; sourceTree = "<group>"; };
		B2F4DABE1AA77667007FA43E /* WootricSDK.framework */ = {isa = PBXFileReference; explicitFileType = wrapper.framework; includeInIndex = 0; path = WootricSDK.framework; sourceTree = BUILT_PRODUCTS_DIR; };
		B2F4DAC21AA77667007FA43E /* Info.plist */ = {isa = PBXFileReference; lastKnownFileType = text.plist.xml; path = Info.plist; sourceTree = "<group>"; };
		B2F4DAC31AA77667007FA43E /* WootricSDKObjC.h */ = {isa = PBXFileReference; lastKnownFileType = sourcecode.c.h; path = WootricSDKObjC.h; sourceTree = "<group>"; };
		B2F4DAC91AA77667007FA43E /* WootricSDKTests.xctest */ = {isa = PBXFileReference; explicitFileType = wrapper.cfbundle; includeInIndex = 0; path = WootricSDKTests.xctest; sourceTree = BUILT_PRODUCTS_DIR; };
		B2F4DACF1AA77667007FA43E /* Info.plist */ = {isa = PBXFileReference; lastKnownFileType = text.plist.xml; path = Info.plist; sourceTree = "<group>"; };
		B2F4DAD01AA77667007FA43E /* WootricSDKTests.m */ = {isa = PBXFileReference; lastKnownFileType = sourcecode.c.objc; path = WootricSDKTests.m; sourceTree = "<group>"; };
		B2F4DADA1AA77684007FA43E /* WootricSDK.h */ = {isa = PBXFileReference; fileEncoding = 4; lastKnownFileType = sourcecode.c.h; path = WootricSDK.h; sourceTree = "<group>"; };
		B2F4DADB1AA77684007FA43E /* WootricSDK.m */ = {isa = PBXFileReference; fileEncoding = 4; lastKnownFileType = sourcecode.c.objc; path = WootricSDK.m; sourceTree = "<group>"; };
		B2F4DADE1AA776A3007FA43E /* SurveyViewController.h */ = {isa = PBXFileReference; fileEncoding = 4; lastKnownFileType = sourcecode.c.h; path = SurveyViewController.h; sourceTree = "<group>"; };
		B2F4DADF1AA776A3007FA43E /* SurveyViewController.m */ = {isa = PBXFileReference; fileEncoding = 4; lastKnownFileType = sourcecode.c.objc; path = SurveyViewController.m; sourceTree = "<group>"; };
/* End PBXFileReference section */

/* Begin PBXFrameworksBuildPhase section */
		B2F4DABA1AA77667007FA43E /* Frameworks */ = {
			isa = PBXFrameworksBuildPhase;
			buildActionMask = 2147483647;
			files = (
			);
			runOnlyForDeploymentPostprocessing = 0;
		};
		B2F4DAC61AA77667007FA43E /* Frameworks */ = {
			isa = PBXFrameworksBuildPhase;
			buildActionMask = 2147483647;
			files = (
				B2F4DACA1AA77667007FA43E /* WootricSDK.framework in Frameworks */,
			);
			runOnlyForDeploymentPostprocessing = 0;
		};
/* End PBXFrameworksBuildPhase section */

/* Begin PBXGroup section */
		B2748B791AE6A02A00303B6A /* Localization */ = {
			isa = PBXGroup;
			children = (
				B2748B741AE697E400303B6A /* WootricLocalizable.strings */,
			);
			path = Localization;
			sourceTree = "<group>";
		};
		B2F4DAB41AA77667007FA43E = {
			isa = PBXGroup;
			children = (
				B2F4DAC01AA77667007FA43E /* WootricSDK */,
				B2F4DACD1AA77667007FA43E /* WootricSDKTests */,
				B2F4DABF1AA77667007FA43E /* Products */,
			);
			sourceTree = "<group>";
		};
		B2F4DABF1AA77667007FA43E /* Products */ = {
			isa = PBXGroup;
			children = (
				B2F4DABE1AA77667007FA43E /* WootricSDK.framework */,
				B2F4DAC91AA77667007FA43E /* WootricSDKTests.xctest */,
			);
			name = Products;
			sourceTree = "<group>";
		};
		B2F4DAC01AA77667007FA43E /* WootricSDK */ = {
			isa = PBXGroup;
			children = (
				B2748B791AE6A02A00303B6A /* Localization */,
				B27628B71AA85E04000402B5 /* APIWootric.h */,
				B27628B81AA85E04000402B5 /* APIWootric.m */,
				B2E9F2D11AF76A62006B7D1D /* WTSettings.h */,
				B2E9F2D21AF76A62006B7D1D /* WTSettings.m */,
				B2F4DAC31AA77667007FA43E /* WootricSDKObjC.h */,
				B2F4DADA1AA77684007FA43E /* WootricSDK.h */,
				B2F4DADB1AA77684007FA43E /* WootricSDK.m */,
				B2F4DADE1AA776A3007FA43E /* SurveyViewController.h */,
				B2F4DADF1AA776A3007FA43E /* SurveyViewController.m */,
				B2131F441AC01BDA005A2390 /* SurveyViewController+Constraints.h */,
				B2131F451AC01BDA005A2390 /* SurveyViewController+Constraints.m */,
				B2131F481AC0226F005A2390 /* SurveyViewController+Views.h */,
				B2131F491AC0226F005A2390 /* SurveyViewController+Views.m */,
				B263E0D01AE68347008F7F0D /* SurveyViewController+Utils.h */,
				B263E0D11AE68347008F7F0D /* SurveyViewController+Utils.m */,
				B2643E091AAF38210023C0C5 /* UIImage+ImageEffects.h */,
				B2643E0A1AAF38210023C0C5 /* UIImage+ImageEffects.m */,
				B2643E0D1AAF47650023C0C5 /* Images.xcassets */,
				B2F4DAC11AA77667007FA43E /* Supporting Files */,
			);
			name = WootricSDK;
			path = WootricSDKObjC;
			sourceTree = "<group>";
		};
		B2F4DAC11AA77667007FA43E /* Supporting Files */ = {
			isa = PBXGroup;
			children = (
				B2F4DAC21AA77667007FA43E /* Info.plist */,
			);
			name = "Supporting Files";
			sourceTree = "<group>";
		};
		B2F4DACD1AA77667007FA43E /* WootricSDKTests */ = {
			isa = PBXGroup;
			children = (
				B2A43C4B1ADD449F00C48EF9 /* SurveyViewControllerTests.m */,
				B2A43C491ADC0F5900C48EF9 /* APIWootricTests.m */,
				B2F4DAD01AA77667007FA43E /* WootricSDKTests.m */,
				B2F4DACE1AA77667007FA43E /* Supporting Files */,
			);
			name = WootricSDKTests;
			path = WootricSDKObjCTests;
			sourceTree = "<group>";
		};
		B2F4DACE1AA77667007FA43E /* Supporting Files */ = {
			isa = PBXGroup;
			children = (
				B2F4DACF1AA77667007FA43E /* Info.plist */,
			);
			name = "Supporting Files";
			sourceTree = "<group>";
		};
/* End PBXGroup section */

/* Begin PBXHeadersBuildPhase section */
		B2F4DABB1AA77667007FA43E /* Headers */ = {
			isa = PBXHeadersBuildPhase;
			buildActionMask = 2147483647;
			files = (
				B2F4DAC41AA77667007FA43E /* WootricSDKObjC.h in Headers */,
				B2131F4A1AC0226F005A2390 /* SurveyViewController+Views.h in Headers */,
				B2643E0B1AAF38210023C0C5 /* UIImage+ImageEffects.h in Headers */,
				B2E9F2D31AF76A62006B7D1D /* WTSettings.h in Headers */,
				B263E0D21AE68347008F7F0D /* SurveyViewController+Utils.h in Headers */,
				B2F4DADC1AA77684007FA43E /* WootricSDK.h in Headers */,
				B27628B91AA85E04000402B5 /* APIWootric.h in Headers */,
				B2F4DAE01AA776A3007FA43E /* SurveyViewController.h in Headers */,
				B2131F461AC01BDA005A2390 /* SurveyViewController+Constraints.h in Headers */,
			);
			runOnlyForDeploymentPostprocessing = 0;
		};
/* End PBXHeadersBuildPhase section */

/* Begin PBXNativeTarget section */
		B2F4DABD1AA77667007FA43E /* WootricSDK */ = {
			isa = PBXNativeTarget;
			buildConfigurationList = B2F4DAD41AA77667007FA43E /* Build configuration list for PBXNativeTarget "WootricSDK" */;
			buildPhases = (
				B2F4DAB91AA77667007FA43E /* Sources */,
				B2F4DABA1AA77667007FA43E /* Frameworks */,
				B2F4DABB1AA77667007FA43E /* Headers */,
				B2F4DABC1AA77667007FA43E /* Resources */,
				B2F4DB2B1AA77BD8007FA43E /* Copy Frameworks */,
			);
			buildRules = (
			);
			dependencies = (
			);
			name = WootricSDK;
			productName = WootricSDKObjC;
			productReference = B2F4DABE1AA77667007FA43E /* WootricSDK.framework */;
			productType = "com.apple.product-type.framework";
		};
		B2F4DAC81AA77667007FA43E /* WootricSDKTests */ = {
			isa = PBXNativeTarget;
			buildConfigurationList = B2F4DAD71AA77667007FA43E /* Build configuration list for PBXNativeTarget "WootricSDKTests" */;
			buildPhases = (
				B2F4DAC51AA77667007FA43E /* Sources */,
				B2F4DAC61AA77667007FA43E /* Frameworks */,
				B2F4DAC71AA77667007FA43E /* Resources */,
			);
			buildRules = (
			);
			dependencies = (
				B2F4DACC1AA77667007FA43E /* PBXTargetDependency */,
			);
			name = WootricSDKTests;
			productName = WootricSDKObjCTests;
			productReference = B2F4DAC91AA77667007FA43E /* WootricSDKTests.xctest */;
			productType = "com.apple.product-type.bundle.unit-test";
		};
/* End PBXNativeTarget section */

/* Begin PBXProject section */
		B2F4DAB51AA77667007FA43E /* Project object */ = {
			isa = PBXProject;
			attributes = {
				LastUpgradeCheck = 0610;
				ORGANIZATIONNAME = Wootric;
				TargetAttributes = {
					B2F4DABD1AA77667007FA43E = {
						CreatedOnToolsVersion = 6.1.1;
					};
					B2F4DAC81AA77667007FA43E = {
						CreatedOnToolsVersion = 6.1.1;
					};
				};
			};
			buildConfigurationList = B2F4DAB81AA77667007FA43E /* Build configuration list for PBXProject "WootricSDK" */;
			compatibilityVersion = "Xcode 3.2";
			developmentRegion = English;
			hasScannedForEncodings = 0;
			knownRegions = (
				en,
				pl,
				fr,
				es,
			);
			mainGroup = B2F4DAB41AA77667007FA43E;
			productRefGroup = B2F4DABF1AA77667007FA43E /* Products */;
			projectDirPath = "";
			projectRoot = "";
			targets = (
				B2F4DABD1AA77667007FA43E /* WootricSDK */,
				B2F4DAC81AA77667007FA43E /* WootricSDKTests */,
			);
		};
/* End PBXProject section */

/* Begin PBXResourcesBuildPhase section */
		B2F4DABC1AA77667007FA43E /* Resources */ = {
			isa = PBXResourcesBuildPhase;
			buildActionMask = 2147483647;
			files = (
				B2643E0E1AAF47650023C0C5 /* Images.xcassets in Resources */,
				B2748B721AE697E400303B6A /* WootricLocalizable.strings in Resources */,
			);
			runOnlyForDeploymentPostprocessing = 0;
		};
		B2F4DAC71AA77667007FA43E /* Resources */ = {
			isa = PBXResourcesBuildPhase;
			buildActionMask = 2147483647;
			files = (
			);
			runOnlyForDeploymentPostprocessing = 0;
		};
/* End PBXResourcesBuildPhase section */

/* Begin PBXSourcesBuildPhase section */
		B2F4DAB91AA77667007FA43E /* Sources */ = {
			isa = PBXSourcesBuildPhase;
			buildActionMask = 2147483647;
			files = (
				B2131F471AC01BDA005A2390 /* SurveyViewController+Constraints.m in Sources */,
				B2131F4B1AC0226F005A2390 /* SurveyViewController+Views.m in Sources */,
				B2643E0C1AAF38210023C0C5 /* UIImage+ImageEffects.m in Sources */,
				B2E9F2D41AF76A62006B7D1D /* WTSettings.m in Sources */,
				B2F4DAE11AA776A3007FA43E /* SurveyViewController.m in Sources */,
				B263E0D31AE68347008F7F0D /* SurveyViewController+Utils.m in Sources */,
				B27628BA1AA85E04000402B5 /* APIWootric.m in Sources */,
				B2F4DADD1AA77684007FA43E /* WootricSDK.m in Sources */,
			);
			runOnlyForDeploymentPostprocessing = 0;
		};
		B2F4DAC51AA77667007FA43E /* Sources */ = {
			isa = PBXSourcesBuildPhase;
			buildActionMask = 2147483647;
			files = (
				B2A43C4A1ADC0F5900C48EF9 /* APIWootricTests.m in Sources */,
				B2F4DAD11AA77667007FA43E /* WootricSDKTests.m in Sources */,
				B2A43C4C1ADD449F00C48EF9 /* SurveyViewControllerTests.m in Sources */,
			);
			runOnlyForDeploymentPostprocessing = 0;
		};
/* End PBXSourcesBuildPhase section */

/* Begin PBXTargetDependency section */
		B2F4DACC1AA77667007FA43E /* PBXTargetDependency */ = {
			isa = PBXTargetDependency;
			target = B2F4DABD1AA77667007FA43E /* WootricSDK */;
			targetProxy = B2F4DACB1AA77667007FA43E /* PBXContainerItemProxy */;
		};
/* End PBXTargetDependency section */

/* Begin PBXVariantGroup section */
		B2748B741AE697E400303B6A /* WootricLocalizable.strings */ = {
			isa = PBXVariantGroup;
			children = (
				B2748B731AE697E400303B6A /* en */,
				B2748B751AE697E700303B6A /* pl */,
				B2748B761AE697E800303B6A /* fr */,
				B25C9EC31AE6A187008939A2 /* es */,
			);
			name = WootricLocalizable.strings;
			sourceTree = "<group>";
		};
/* End PBXVariantGroup section */

/* Begin XCBuildConfiguration section */
		B2F4DAD21AA77667007FA43E /* Debug */ = {
			isa = XCBuildConfiguration;
			buildSettings = {
				ALWAYS_SEARCH_USER_PATHS = NO;
				CLANG_CXX_LANGUAGE_STANDARD = "gnu++0x";
				CLANG_CXX_LIBRARY = "libc++";
				CLANG_ENABLE_MODULES = YES;
				CLANG_ENABLE_OBJC_ARC = YES;
				CLANG_WARN_BOOL_CONVERSION = YES;
				CLANG_WARN_CONSTANT_CONVERSION = YES;
				CLANG_WARN_DIRECT_OBJC_ISA_USAGE = YES_ERROR;
				CLANG_WARN_EMPTY_BODY = YES;
				CLANG_WARN_ENUM_CONVERSION = YES;
				CLANG_WARN_INT_CONVERSION = YES;
				CLANG_WARN_OBJC_ROOT_CLASS = YES_ERROR;
				CLANG_WARN_UNREACHABLE_CODE = YES;
				CLANG_WARN__DUPLICATE_METHOD_MATCH = YES;
				"CODE_SIGN_IDENTITY[sdk=iphoneos*]" = "iPhone Developer";
				COPY_PHASE_STRIP = NO;
				CURRENT_PROJECT_VERSION = 1;
				ENABLE_STRICT_OBJC_MSGSEND = YES;
				GCC_C_LANGUAGE_STANDARD = gnu99;
				GCC_DYNAMIC_NO_PIC = NO;
				GCC_OPTIMIZATION_LEVEL = 0;
				GCC_PREPROCESSOR_DEFINITIONS = (
					"DEBUG=1",
					"$(inherited)",
				);
				GCC_SYMBOLS_PRIVATE_EXTERN = NO;
				GCC_WARN_64_TO_32_BIT_CONVERSION = YES;
				GCC_WARN_ABOUT_RETURN_TYPE = YES_ERROR;
				GCC_WARN_UNDECLARED_SELECTOR = YES;
				GCC_WARN_UNINITIALIZED_AUTOS = YES_AGGRESSIVE;
				GCC_WARN_UNUSED_FUNCTION = YES;
				GCC_WARN_UNUSED_VARIABLE = YES;
				IPHONEOS_DEPLOYMENT_TARGET = 8.1;
				MTL_ENABLE_DEBUG_INFO = YES;
				ONLY_ACTIVE_ARCH = YES;
				SDKROOT = iphoneos;
				TARGETED_DEVICE_FAMILY = "1,2";
				VERSIONING_SYSTEM = "apple-generic";
				VERSION_INFO_PREFIX = "";
			};
			name = Debug;
		};
		B2F4DAD31AA77667007FA43E /* Release */ = {
			isa = XCBuildConfiguration;
			buildSettings = {
				ALWAYS_SEARCH_USER_PATHS = NO;
				CLANG_CXX_LANGUAGE_STANDARD = "gnu++0x";
				CLANG_CXX_LIBRARY = "libc++";
				CLANG_ENABLE_MODULES = YES;
				CLANG_ENABLE_OBJC_ARC = YES;
				CLANG_WARN_BOOL_CONVERSION = YES;
				CLANG_WARN_CONSTANT_CONVERSION = YES;
				CLANG_WARN_DIRECT_OBJC_ISA_USAGE = YES_ERROR;
				CLANG_WARN_EMPTY_BODY = YES;
				CLANG_WARN_ENUM_CONVERSION = YES;
				CLANG_WARN_INT_CONVERSION = YES;
				CLANG_WARN_OBJC_ROOT_CLASS = YES_ERROR;
				CLANG_WARN_UNREACHABLE_CODE = YES;
				CLANG_WARN__DUPLICATE_METHOD_MATCH = YES;
				"CODE_SIGN_IDENTITY[sdk=iphoneos*]" = "iPhone Developer";
				COPY_PHASE_STRIP = YES;
				CURRENT_PROJECT_VERSION = 1;
				ENABLE_NS_ASSERTIONS = NO;
				ENABLE_STRICT_OBJC_MSGSEND = YES;
				GCC_C_LANGUAGE_STANDARD = gnu99;
				GCC_WARN_64_TO_32_BIT_CONVERSION = YES;
				GCC_WARN_ABOUT_RETURN_TYPE = YES_ERROR;
				GCC_WARN_UNDECLARED_SELECTOR = YES;
				GCC_WARN_UNINITIALIZED_AUTOS = YES_AGGRESSIVE;
				GCC_WARN_UNUSED_FUNCTION = YES;
				GCC_WARN_UNUSED_VARIABLE = YES;
				IPHONEOS_DEPLOYMENT_TARGET = 8.1;
				MTL_ENABLE_DEBUG_INFO = NO;
				SDKROOT = iphoneos;
				TARGETED_DEVICE_FAMILY = "1,2";
				VALIDATE_PRODUCT = YES;
				VERSIONING_SYSTEM = "apple-generic";
				VERSION_INFO_PREFIX = "";
			};
			name = Release;
		};
		B2F4DAD51AA77667007FA43E /* Debug */ = {
			isa = XCBuildConfiguration;
			buildSettings = {
				DEFINES_MODULE = YES;
				DYLIB_COMPATIBILITY_VERSION = 1;
				DYLIB_CURRENT_VERSION = 1;
				DYLIB_INSTALL_NAME_BASE = "@rpath";
				INFOPLIST_FILE = WootricSDKObjC/Info.plist;
				INSTALL_PATH = "$(LOCAL_LIBRARY_DIR)/Frameworks";
				LD_RUNPATH_SEARCH_PATHS = "$(inherited) @executable_path/Frameworks @loader_path/Frameworks";
				PRODUCT_NAME = WootricSDK;
				SKIP_INSTALL = YES;
			};
			name = Debug;
		};
		B2F4DAD61AA77667007FA43E /* Release */ = {
			isa = XCBuildConfiguration;
			buildSettings = {
				DEFINES_MODULE = YES;
				DYLIB_COMPATIBILITY_VERSION = 1;
				DYLIB_CURRENT_VERSION = 1;
				DYLIB_INSTALL_NAME_BASE = "@rpath";
				INFOPLIST_FILE = WootricSDKObjC/Info.plist;
				INSTALL_PATH = "$(LOCAL_LIBRARY_DIR)/Frameworks";
				LD_RUNPATH_SEARCH_PATHS = "$(inherited) @executable_path/Frameworks @loader_path/Frameworks";
				PRODUCT_NAME = WootricSDK;
				SKIP_INSTALL = YES;
			};
			name = Release;
		};
		B2F4DAD81AA77667007FA43E /* Debug */ = {
			isa = XCBuildConfiguration;
			buildSettings = {
				FRAMEWORK_SEARCH_PATHS = (
					"$(SDKROOT)/Developer/Library/Frameworks",
					"$(inherited)",
				);
				GCC_PREPROCESSOR_DEFINITIONS = (
					"DEBUG=1",
					"$(inherited)",
				);
				INFOPLIST_FILE = WootricSDKObjCTests/Info.plist;
				LD_RUNPATH_SEARCH_PATHS = "$(inherited) @executable_path/Frameworks @loader_path/Frameworks";
				PRODUCT_NAME = WootricSDKTests;
			};
			name = Debug;
		};
		B2F4DAD91AA77667007FA43E /* Release */ = {
			isa = XCBuildConfiguration;
			buildSettings = {
				FRAMEWORK_SEARCH_PATHS = (
					"$(SDKROOT)/Developer/Library/Frameworks",
					"$(inherited)",
				);
				INFOPLIST_FILE = WootricSDKObjCTests/Info.plist;
				LD_RUNPATH_SEARCH_PATHS = "$(inherited) @executable_path/Frameworks @loader_path/Frameworks";
				PRODUCT_NAME = WootricSDKTests;
			};
			name = Release;
		};
/* End XCBuildConfiguration section */

/* Begin XCConfigurationList section */
		B2F4DAB81AA77667007FA43E /* Build configuration list for PBXProject "WootricSDK" */ = {
			isa = XCConfigurationList;
			buildConfigurations = (
				B2F4DAD21AA77667007FA43E /* Debug */,
				B2F4DAD31AA77667007FA43E /* Release */,
			);
			defaultConfigurationIsVisible = 0;
			defaultConfigurationName = Release;
		};
		B2F4DAD41AA77667007FA43E /* Build configuration list for PBXNativeTarget "WootricSDK" */ = {
			isa = XCConfigurationList;
			buildConfigurations = (
				B2F4DAD51AA77667007FA43E /* Debug */,
				B2F4DAD61AA77667007FA43E /* Release */,
			);
			defaultConfigurationIsVisible = 0;
			defaultConfigurationName = Release;
		};
		B2F4DAD71AA77667007FA43E /* Build configuration list for PBXNativeTarget "WootricSDKTests" */ = {
			isa = XCConfigurationList;
			buildConfigurations = (
				B2F4DAD81AA77667007FA43E /* Debug */,
				B2F4DAD91AA77667007FA43E /* Release */,
			);
			defaultConfigurationIsVisible = 0;
			defaultConfigurationName = Release;
		};
/* End XCConfigurationList section */
	};
	rootObject = B2F4DAB51AA77667007FA43E /* Project object */;
}
